{
  "name": "open-directory-downloader",
  "version": "2.0.0",
  "lockfileVersion": 1,
  "requires": true,
  "dependencies": {
    "adm-zip": {
      "version": "0.5.1",
      "resolved": "https://registry.npmjs.org/adm-zip/-/adm-zip-0.5.1.tgz",
      "integrity": "sha512-a5ABmIFUJ9OxHV5zrXM9Q41JzpRIflFtdgpL4UQM9DsTHHxQzPRaeyAdnMW7kxL0NRWm/NHafJdj6pO+ty7L2g=="
    },
    "node-fetch": {
      "version": "2.6.1",
      "resolved": "https://registry.npmjs.org/node-fetch/-/node-fetch-2.6.1.tgz",
      "integrity": "sha512-V4aYg89jEoVRxRb2fJdAg8FHvI7cEyYdVAh94HH0UIK8oJxUfkjlDQN9RbMx+bEjP7+ggMiFRprSti032Oipxw=="
    }
  }
}
