{
  "name": "open-directory-downloader",
  "version": "8.0.3",
  "lockfileVersion": 1,
  "requires": true,
  "dependencies": {
    "adm-zip": {
      "version": "0.5.1",
      "resolved": "https://registry.npmjs.org/adm-zip/-/adm-zip-0.5.1.tgz",
      "integrity": "sha512-a5ABmIFUJ9OxHV5zrXM9Q41JzpRIflFtdgpL4UQM9DsTHHxQzPRaeyAdnMW7kxL0NRWm/NHafJdj6pO+ty7L2g=="
    },
    "node-fetch": {
      "version": "2.6.1",
      "resolved": "https://registry.npmjs.org/node-fetch/-/node-fetch-2.6.1.tgz",
      "integrity": "sha512-V4aYg89jEoVRxRb2fJdAg8FHvI7cEyYdVAh94HH0UIK8oJxUfkjlDQN9RbMx+bEjP7+ggMiFRprSti032Oipxw=="
    },
    "pidusage": {
      "version": "2.0.21",
      "resolved": "https://registry.npmjs.org/pidusage/-/pidusage-2.0.21.tgz",
      "integrity": "sha512-cv3xAQos+pugVX+BfXpHsbyz/dLzX+lr44zNMsYiGxUw+kV5sgQCIcLd1z+0vq+KyC7dJ+/ts2PsfgWfSC3WXA==",
      "requires": {
        "safe-buffer": "^5.2.1"
      }
    },
    "safe-buffer": {
      "version": "5.2.1",
      "resolved": "https://registry.npmjs.org/safe-buffer/-/safe-buffer-5.2.1.tgz",
      "integrity": "sha512-rp3So07KcdmmKbGvgaNxQSJr7bGVSVk5S9Eq1F+ppbRo70+YeaDxkw5Dd8NPN+GD6bjnYm2VuPuCXmpuYvmCXQ=="
    }
  }
}
